
Microsoft Visual Studio Solution File, Format Version 10.00
# Visual Studio 2008
Project("{FAE04EC0-301F-11D3-BF4B-00C04F79EFBC}") = "LinqToWmi.Tests", "LinqToWmi.Tests\LinqToWmi.Tests.csproj", "{E8F46C8F-B676-4B09-8A96-E76FF7F1B418}"
EndProject
Project("{FAE04EC0-301F-11D3-BF4B-00C04F79EFBC}") = "LinqToWmi.Core", "LinqToWmi.Core\LinqToWmi.Core.csproj", "{F4EC1E7F-A7F2-4D3B-B442-667BF8C6FE34}"
EndProject
Project("{FAE04EC0-301F-11D3-BF4B-00C04F79EFBC}") = "LinqToWmi.ClassGenerator", "LinqToWmi.ClassGenerator\LinqToWmi.ClassGenerator.csproj", "{44E33EA4-BDC3-4FDC-92FA-52627732199F}"
EndProject
Global
	GlobalSection(TeamFoundationVersionControl) = preSolution
		SccNumberOfProjects = 4
		SccEnterpriseProvider = {4CA58AB2-18FA-4F8D-95D4-32DDF27D184C}
		SccTeamFoundationServer = https://tfs03.codeplex.com/
		SccLocalPath0 = .
		SccProjectUniqueName1 = LinqToWmi.ClassGenerator\\LinqToWmi.ClassGenerator.csproj
		SccProjectName1 = LinqToWmi.ClassGenerator
		SccLocalPath1 = LinqToWmi.ClassGenerator
		SccProjectUniqueName2 = LinqToWmi.Core\\LinqToWmi.Core.csproj
		SccProjectName2 = LinqToWmi.Core
		SccLocalPath2 = LinqToWmi.Core
		SccProjectUniqueName3 = LinqToWmi.Tests\\LinqToWmi.Tests.csproj
		SccProjectName3 = LinqToWmi.Tests
		SccLocalPath3 = LinqToWmi.Tests
	EndGlobalSection
	GlobalSection(SolutionConfigurationPlatforms) = preSolution
		Debug|Any CPU = Debug|Any CPU
		Debug|x86 = Debug|x86
		Release|Any CPU = Release|Any CPU
		Release|x86 = Release|x86
	EndGlobalSection
	GlobalSection(ProjectConfigurationPlatforms) = postSolution
		{E8F46C8F-B676-4B09-8A96-E76FF7F1B418}.Debug|Any CPU.ActiveCfg = Debug|Any CPU
		{E8F46C8F-B676-4B09-8A96-E76FF7F1B418}.Debug|Any CPU.Build.0 = Debug|Any CPU
		{E8F46C8F-B676-4B09-8A96-E76FF7F1B418}.Debug|x86.ActiveCfg = Debug|x86
		{E8F46C8F-B676-4B09-8A96-E76FF7F1B418}.Debug|x86.Build.0 = Debug|x86
		{E8F46C8F-B676-4B09-8A96-E76FF7F1B418}.Release|Any CPU.ActiveCfg = Release|Any CPU
		{E8F46C8F-B676-4B09-8A96-E76FF7F1B418}.Release|Any CPU.Build.0 = Release|Any CPU
		{E8F46C8F-B676-4B09-8A96-E76FF7F1B418}.Release|x86.ActiveCfg = Release|x86
		{E8F46C8F-B676-4B09-8A96-E76FF7F1B418}.Release|x86.Build.0 = Release|x86
		{F4EC1E7F-A7F2-4D3B-B442-667BF8C6FE34}.Debug|Any CPU.ActiveCfg = Debug|Any CPU
		{F4EC1E7F-A7F2-4D3B-B442-667BF8C6FE34}.Debug|Any CPU.Build.0 = Debug|Any CPU
		{F4EC1E7F-A7F2-4D3B-B442-667BF8C6FE34}.Debug|x86.ActiveCfg = Debug|x86
		{F4EC1E7F-A7F2-4D3B-B442-667BF8C6FE34}.Debug|x86.Build.0 = Debug|x86
		{F4EC1E7F-A7F2-4D3B-B442-667BF8C6FE34}.Release|Any CPU.ActiveCfg = Release|Any CPU
		{F4EC1E7F-A7F2-4D3B-B442-667BF8C6FE34}.Release|Any CPU.Build.0 = Release|Any CPU
		{F4EC1E7F-A7F2-4D3B-B442-667BF8C6FE34}.Release|x86.ActiveCfg = Release|x86
		{F4EC1E7F-A7F2-4D3B-B442-667BF8C6FE34}.Release|x86.Build.0 = Release|x86
		{44E33EA4-BDC3-4FDC-92FA-52627732199F}.Debug|Any CPU.ActiveCfg = Debug|Any CPU
		{44E33EA4-BDC3-4FDC-92FA-52627732199F}.Debug|Any CPU.Build.0 = Debug|Any CPU
		{44E33EA4-BDC3-4FDC-92FA-52627732199F}.Debug|x86.ActiveCfg = Debug|x86
		{44E33EA4-BDC3-4FDC-92FA-52627732199F}.Debug|x86.Build.0 = Debug|x86
		{44E33EA4-BDC3-4FDC-92FA-52627732199F}.Release|Any CPU.ActiveCfg = Release|Any CPU
		{44E33EA4-BDC3-4FDC-92FA-52627732199F}.Release|Any CPU.Build.0 = Release|Any CPU
		{44E33EA4-BDC3-4FDC-92FA-52627732199F}.Release|x86.ActiveCfg = Release|x86
		{44E33EA4-BDC3-4FDC-92FA-52627732199F}.Release|x86.Build.0 = Release|x86
	EndGlobalSection
	GlobalSection(SolutionProperties) = preSolution
		HideSolutionNode = FALSE
	EndGlobalSection
EndGlobal
